// !$*UTF8*$!
{
	archiveVersion = 1;
	classes = {
	};
	objectVersion = 50;
	objects = {

/* Begin PBXBuildFile section */
		F564A8DE2674ACE2006559E2 /* MainViewController+UICollectionView.swift in Sources */ = {isa = PBXBuildFile; fileRef = F564A8DD2674ACE1006559E2 /* MainViewController+UICollectionView.swift */; };
		F564A8E12674AE89006559E2 /* CustomCell.swift in Sources */ = {isa = PBXBuildFile; fileRef = F564A8E02674AE89006559E2 /* CustomCell.swift */; };
		F564A8E826791971006559E2 /* ApiData.swift in Sources */ = {isa = PBXBuildFile; fileRef = F564A8E726791971006559E2 /* ApiData.swift */; };
		F564A8EB26791DB0006559E2 /* ModelResponses.swift in Sources */ = {isa = PBXBuildFile; fileRef = F564A8EA26791DB0006559E2 /* ModelResponses.swift */; };
		F564A900267CC907006559E2 /* InfoViewController.swift in Sources */ = {isa = PBXBuildFile; fileRef = F564A8FF267CC907006559E2 /* InfoViewController.swift */; };
		F564A906267E5F07006559E2 /* NetworkService.swift in Sources */ = {isa = PBXBuildFile; fileRef = F564A905267E5F07006559E2 /* NetworkService.swift */; };
		F564A909267E66A1006559E2 /* NetworkDataFetcher.swift in Sources */ = {isa = PBXBuildFile; fileRef = F564A908267E66A1006559E2 /* NetworkDataFetcher.swift */; };
		F564A90C267E6C86006559E2 /* DataFetcherService.swift in Sources */ = {isa = PBXBuildFile; fileRef = F564A90B267E6C86006559E2 /* DataFetcherService.swift */; };
		F564A93B2680F6E9006559E2 /* CompanyInfoView.swift in Sources */ = {isa = PBXBuildFile; fileRef = F564A93A2680F6E9006559E2 /* CompanyInfoView.swift */; };
		F579056F268DC24900BDA5AD /* InfoVC.swift in Sources */ = {isa = PBXBuildFile; fileRef = F579056E268DC24900BDA5AD /* InfoVC.swift */; };
		F579059526905FD600BDA5AD /* FavouriteStockCellService.swift in Sources */ = {isa = PBXBuildFile; fileRef = F579059426905FD600BDA5AD /* FavouriteStockCellService.swift */; };
		F57B4E312683891900788053 /* MenuBar.swift in Sources */ = {isa = PBXBuildFile; fileRef = F57B4E302683891900788053 /* MenuBar.swift */; };
		F57B4E3426839AB100788053 /* MenuCell.swift in Sources */ = {isa = PBXBuildFile; fileRef = F57B4E3326839AB100788053 /* MenuCell.swift */; };
		F57B4E592684CF3900788053 /* TrendingStockCell.swift in Sources */ = {isa = PBXBuildFile; fileRef = F57B4E582684CF3900788053 /* TrendingStockCell.swift */; };
		F5B9B65A269EFF7B00665041 /* TitleCell.swift in Sources */ = {isa = PBXBuildFile; fileRef = F5B9B659269EFF7B00665041 /* TitleCell.swift */; };
		F5B9B65E269EFF9C00665041 /* PriceCell.swift in Sources */ = {isa = PBXBuildFile; fileRef = F5B9B65D269EFF9C00665041 /* PriceCell.swift */; };
		F5B9B661269EFFB800665041 /* OtherInfoCell.swift in Sources */ = {isa = PBXBuildFile; fileRef = F5B9B660269EFFB800665041 /* OtherInfoCell.swift */; };
		F5B9B664269EFFD800665041 /* DescriptionCell.swift in Sources */ = {isa = PBXBuildFile; fileRef = F5B9B663269EFFD800665041 /* DescriptionCell.swift */; };
		F5E0AD77268C668D00A07FF2 /* FavouriteStockCell.swift in Sources */ = {isa = PBXBuildFile; fileRef = F5E0AD76268C668D00A07FF2 /* FavouriteStockCell.swift */; };
		F5E74106266FE7EA005ED01E /* AppDelegate.swift in Sources */ = {isa = PBXBuildFile; fileRef = F5E74105266FE7EA005ED01E /* AppDelegate.swift */; };
		F5E74108266FE7EA005ED01E /* SceneDelegate.swift in Sources */ = {isa = PBXBuildFile; fileRef = F5E74107266FE7EA005ED01E /* SceneDelegate.swift */; };
		F5E7410A266FE7EA005ED01E /* MainViewController.swift in Sources */ = {isa = PBXBuildFile; fileRef = F5E74109266FE7EA005ED01E /* MainViewController.swift */; };
		F5E7410F266FE7EC005ED01E /* Assets.xcassets in Resources */ = {isa = PBXBuildFile; fileRef = F5E7410E266FE7EC005ED01E /* Assets.xcassets */; };
		F5E74112266FE7EC005ED01E /* LaunchScreen.storyboard in Resources */ = {isa = PBXBuildFile; fileRef = F5E74110266FE7EC005ED01E /* LaunchScreen.storyboard */; };
/* End PBXBuildFile section */

/* Begin PBXFileReference section */
		F564A8DD2674ACE1006559E2 /* MainViewController+UICollectionView.swift */ = {isa = PBXFileReference; lastKnownFileType = sourcecode.swift; path = "MainViewController+UICollectionView.swift"; sourceTree = "<group>"; };
		F564A8E02674AE89006559E2 /* CustomCell.swift */ = {isa = PBXFileReference; lastKnownFileType = sourcecode.swift; path = CustomCell.swift; sourceTree = "<group>"; };
		F564A8E726791971006559E2 /* ApiData.swift */ = {isa = PBXFileReference; lastKnownFileType = sourcecode.swift; path = ApiData.swift; sourceTree = "<group>"; };
		F564A8EA26791DB0006559E2 /* ModelResponses.swift */ = {isa = PBXFileReference; lastKnownFileType = sourcecode.swift; path = ModelResponses.swift; sourceTree = "<group>"; };
		F564A8FF267CC907006559E2 /* InfoViewController.swift */ = {isa = PBXFileReference; lastKnownFileType = sourcecode.swift; path = InfoViewController.swift; sourceTree = "<group>"; };
		F564A905267E5F07006559E2 /* NetworkService.swift */ = {isa = PBXFileReference; lastKnownFileType = sourcecode.swift; path = NetworkService.swift; sourceTree = "<group>"; };
		F564A908267E66A1006559E2 /* NetworkDataFetcher.swift */ = {isa = PBXFileReference; lastKnownFileType = sourcecode.swift; path = NetworkDataFetcher.swift; sourceTree = "<group>"; };
		F564A90B267E6C86006559E2 /* DataFetcherService.swift */ = {isa = PBXFileReference; lastKnownFileType = sourcecode.swift; path = DataFetcherService.swift; sourceTree = "<group>"; };
		F564A93A2680F6E9006559E2 /* CompanyInfoView.swift */ = {isa = PBXFileReference; lastKnownFileType = sourcecode.swift; path = CompanyInfoView.swift; sourceTree = "<group>"; };
		F579056E268DC24900BDA5AD /* InfoVC.swift */ = {isa = PBXFileReference; lastKnownFileType = sourcecode.swift; path = InfoVC.swift; sourceTree = "<group>"; };
		F579059426905FD600BDA5AD /* FavouriteStockCellService.swift */ = {isa = PBXFileReference; lastKnownFileType = sourcecode.swift; path = FavouriteStockCellService.swift; sourceTree = "<group>"; };
		F57B4E302683891900788053 /* MenuBar.swift */ = {isa = PBXFileReference; lastKnownFileType = sourcecode.swift; path = MenuBar.swift; sourceTree = "<group>"; };
		F57B4E3326839AB100788053 /* MenuCell.swift */ = {isa = PBXFileReference; lastKnownFileType = sourcecode.swift; path = MenuCell.swift; sourceTree = "<group>"; };
		F57B4E582684CF3900788053 /* TrendingStockCell.swift */ = {isa = PBXFileReference; lastKnownFileType = sourcecode.swift; path = TrendingStockCell.swift; sourceTree = "<group>"; };
		F5B9B659269EFF7B00665041 /* TitleCell.swift */ = {isa = PBXFileReference; lastKnownFileType = sourcecode.swift; path = TitleCell.swift; sourceTree = "<group>"; };
		F5B9B65D269EFF9C00665041 /* PriceCell.swift */ = {isa = PBXFileReference; lastKnownFileType = sourcecode.swift; path = PriceCell.swift; sourceTree = "<group>"; };
		F5B9B660269EFFB800665041 /* OtherInfoCell.swift */ = {isa = PBXFileReference; lastKnownFileType = sourcecode.swift; path = OtherInfoCell.swift; sourceTree = "<group>"; };
		F5B9B663269EFFD800665041 /* DescriptionCell.swift */ = {isa = PBXFileReference; lastKnownFileType = sourcecode.swift; path = DescriptionCell.swift; sourceTree = "<group>"; };
		F5E0AD76268C668D00A07FF2 /* FavouriteStockCell.swift */ = {isa = PBXFileReference; lastKnownFileType = sourcecode.swift; path = FavouriteStockCell.swift; sourceTree = "<group>"; };
		F5E74102266FE7EA005ED01E /* StockScreener.app */ = {isa = PBXFileReference; explicitFileType = wrapper.application; includeInIndex = 0; path = StockScreener.app; sourceTree = BUILT_PRODUCTS_DIR; };
		F5E74105266FE7EA005ED01E /* AppDelegate.swift */ = {isa = PBXFileReference; lastKnownFileType = sourcecode.swift; path = AppDelegate.swift; sourceTree = "<group>"; };
		F5E74107266FE7EA005ED01E /* SceneDelegate.swift */ = {isa = PBXFileReference; lastKnownFileType = sourcecode.swift; path = SceneDelegate.swift; sourceTree = "<group>"; };
		F5E74109266FE7EA005ED01E /* MainViewController.swift */ = {isa = PBXFileReference; lastKnownFileType = sourcecode.swift; path = MainViewController.swift; sourceTree = "<group>"; };
		F5E7410E266FE7EC005ED01E /* Assets.xcassets */ = {isa = PBXFileReference; lastKnownFileType = folder.assetcatalog; path = Assets.xcassets; sourceTree = "<group>"; };
		F5E74111266FE7EC005ED01E /* Base */ = {isa = PBXFileReference; lastKnownFileType = file.storyboard; name = Base; path = Base.lproj/LaunchScreen.storyboard; sourceTree = "<group>"; };
		F5E74113266FE7EC005ED01E /* Info.plist */ = {isa = PBXFileReference; lastKnownFileType = text.plist.xml; path = Info.plist; sourceTree = "<group>"; };
/* End PBXFileReference section */

/* Begin PBXFrameworksBuildPhase section */
		F5E740FF266FE7EA005ED01E /* Frameworks */ = {
			isa = PBXFrameworksBuildPhase;
			buildActionMask = 2147483647;
			files = (
			);
			runOnlyForDeploymentPostprocessing = 0;
		};
/* End PBXFrameworksBuildPhase section */

/* Begin PBXGroup section */
		F564A8E42674E5E6006559E2 /* View */ = {
			isa = PBXGroup;
			children = (
				F564A8E02674AE89006559E2 /* CustomCell.swift */,
				F57B4E302683891900788053 /* MenuBar.swift */,
				F57B4E3326839AB100788053 /* MenuCell.swift */,
				F57B4E582684CF3900788053 /* TrendingStockCell.swift */,
				F5E0AD76268C668D00A07FF2 /* FavouriteStockCell.swift */,
				F579059426905FD600BDA5AD /* FavouriteStockCellService.swift */,
			);
			path = View;
			sourceTree = "<group>";
		};
		F564A8ED267A0B8B006559E2 /* Model */ = {
			isa = PBXGroup;
			children = (
				F564A8EA26791DB0006559E2 /* ModelResponses.swift */,
			);
			path = Model;
			sourceTree = "<group>";
		};
		F564A8EF267A0BA9006559E2 /* Network */ = {
			isa = PBXGroup;
			children = (
				F564A8E726791971006559E2 /* ApiData.swift */,
				F564A905267E5F07006559E2 /* NetworkService.swift */,
				F564A908267E66A1006559E2 /* NetworkDataFetcher.swift */,
				F564A90B267E6C86006559E2 /* DataFetcherService.swift */,
			);
			path = Network;
			sourceTree = "<group>";
		};
		F564A8F1267A0BB9006559E2 /* Controller */ = {
			isa = PBXGroup;
			children = (
				F564A916267F58FA006559E2 /* MainViewController */,
				F564A910267F3128006559E2 /* CompanyInfoController */,
			);
			path = Controller;
			sourceTree = "<group>";
		};
		F564A910267F3128006559E2 /* CompanyInfoController */ = {
			isa = PBXGroup;
			children = (
				F579056E268DC24900BDA5AD /* InfoVC.swift */,
				F5B9B658269EFF5A00665041 /* Cells */,
				F564A8FF267CC907006559E2 /* InfoViewController.swift */,
				F564A93A2680F6E9006559E2 /* CompanyInfoView.swift */,
			);
			path = CompanyInfoController;
			sourceTree = "<group>";
		};
		F564A916267F58FA006559E2 /* MainViewController */ = {
			isa = PBXGroup;
			children = (
				F5E74109266FE7EA005ED01E /* MainViewController.swift */,
				F564A8DD2674ACE1006559E2 /* MainViewController+UICollectionView.swift */,
			);
			path = MainViewController;
			sourceTree = "<group>";
		};
		F5B9B658269EFF5A00665041 /* Cells */ = {
			isa = PBXGroup;
			children = (
				F5B9B659269EFF7B00665041 /* TitleCell.swift */,
				F5B9B65D269EFF9C00665041 /* PriceCell.swift */,
				F5B9B660269EFFB800665041 /* OtherInfoCell.swift */,
				F5B9B663269EFFD800665041 /* DescriptionCell.swift */,
			);
			path = Cells;
			sourceTree = "<group>";
		};
		F5E740F9266FE7EA005ED01E = {
			isa = PBXGroup;
			children = (
				F5E74104266FE7EA005ED01E /* StockScreener */,
				F5E74103266FE7EA005ED01E /* Products */,
			);
			sourceTree = "<group>";
		};
		F5E74103266FE7EA005ED01E /* Products */ = {
			isa = PBXGroup;
			children = (
				F5E74102266FE7EA005ED01E /* StockScreener.app */,
			);
			name = Products;
			sourceTree = "<group>";
		};
		F5E74104266FE7EA005ED01E /* StockScreener */ = {
			isa = PBXGroup;
			children = (
				F5E74105266FE7EA005ED01E /* AppDelegate.swift */,
				F5E74107266FE7EA005ED01E /* SceneDelegate.swift */,
				F564A8EF267A0BA9006559E2 /* Network */,
				F564A8ED267A0B8B006559E2 /* Model */,
				F564A8E42674E5E6006559E2 /* View */,
				F564A8F1267A0BB9006559E2 /* Controller */,
				F5E7410E266FE7EC005ED01E /* Assets.xcassets */,
				F5E74110266FE7EC005ED01E /* LaunchScreen.storyboard */,
				F5E74113266FE7EC005ED01E /* Info.plist */,
			);
			path = StockScreener;
			sourceTree = "<group>";
		};
/* End PBXGroup section */

/* Begin PBXNativeTarget section */
		F5E74101266FE7EA005ED01E /* StockScreener */ = {
			isa = PBXNativeTarget;
			buildConfigurationList = F5E74116266FE7EC005ED01E /* Build configuration list for PBXNativeTarget "StockScreener" */;
			buildPhases = (
				F5E740FE266FE7EA005ED01E /* Sources */,
				F5E740FF266FE7EA005ED01E /* Frameworks */,
				F5E74100266FE7EA005ED01E /* Resources */,
			);
			buildRules = (
			);
			dependencies = (
			);
			name = StockScreener;
			productName = StockScreener;
			productReference = F5E74102266FE7EA005ED01E /* StockScreener.app */;
			productType = "com.apple.product-type.application";
		};
/* End PBXNativeTarget section */

/* Begin PBXProject section */
		F5E740FA266FE7EA005ED01E /* Project object */ = {
			isa = PBXProject;
			attributes = {
				LastSwiftUpdateCheck = 1230;
				LastUpgradeCheck = 1230;
				TargetAttributes = {
					F5E74101266FE7EA005ED01E = {
						CreatedOnToolsVersion = 12.3;
					};
				};
			};
			buildConfigurationList = F5E740FD266FE7EA005ED01E /* Build configuration list for PBXProject "StockScreener" */;
			compatibilityVersion = "Xcode 9.3";
			developmentRegion = en;
			hasScannedForEncodings = 0;
			knownRegions = (
				en,
				Base,
			);
			mainGroup = F5E740F9266FE7EA005ED01E;
			productRefGroup = F5E74103266FE7EA005ED01E /* Products */;
			projectDirPath = "";
			projectRoot = "";
			targets = (
				F5E74101266FE7EA005ED01E /* StockScreener */,
			);
		};
/* End PBXProject section */

/* Begin PBXResourcesBuildPhase section */
		F5E74100266FE7EA005ED01E /* Resources */ = {
			isa = PBXResourcesBuildPhase;
			buildActionMask = 2147483647;
			files = (
				F5E74112266FE7EC005ED01E /* LaunchScreen.storyboard in Resources */,
				F5E7410F266FE7EC005ED01E /* Assets.xcassets in Resources */,
			);
			runOnlyForDeploymentPostprocessing = 0;
		};
/* End PBXResourcesBuildPhase section */

/* Begin PBXSourcesBuildPhase section */
		F5E740FE266FE7EA005ED01E /* Sources */ = {
			isa = PBXSourcesBuildPhase;
			buildActionMask = 2147483647;
			files = (
				F57B4E3426839AB100788053 /* MenuCell.swift in Sources */,
				F564A906267E5F07006559E2 /* NetworkService.swift in Sources */,
				F5B9B661269EFFB800665041 /* OtherInfoCell.swift in Sources */,
				F564A8EB26791DB0006559E2 /* ModelResponses.swift in Sources */,
				F5E7410A266FE7EA005ED01E /* MainViewController.swift in Sources */,
				F564A909267E66A1006559E2 /* NetworkDataFetcher.swift in Sources */,
				F57B4E592684CF3900788053 /* TrendingStockCell.swift in Sources */,
				F564A8DE2674ACE2006559E2 /* MainViewController+UICollectionView.swift in Sources */,
				F564A8E826791971006559E2 /* ApiData.swift in Sources */,
				F579059526905FD600BDA5AD /* FavouriteStockCellService.swift in Sources */,
				F579056F268DC24900BDA5AD /* InfoVC.swift in Sources */,
				F57B4E312683891900788053 /* MenuBar.swift in Sources */,
				F564A93B2680F6E9006559E2 /* CompanyInfoView.swift in Sources */,
				F564A900267CC907006559E2 /* InfoViewController.swift in Sources */,
				F5B9B65E269EFF9C00665041 /* PriceCell.swift in Sources */,
				F564A8E12674AE89006559E2 /* CustomCell.swift in Sources */,
				F5E0AD77268C668D00A07FF2 /* FavouriteStockCell.swift in Sources */,
				F5E74106266FE7EA005ED01E /* AppDelegate.swift in Sources */,
				F5E74108266FE7EA005ED01E /* SceneDelegate.swift in Sources */,
				F564A90C267E6C86006559E2 /* DataFetcherService.swift in Sources */,
				F5B9B664269EFFD800665041 /* DescriptionCell.swift in Sources */,
				F5B9B65A269EFF7B00665041 /* TitleCell.swift in Sources */,
			);
			runOnlyForDeploymentPostprocessing = 0;
		};
/* End PBXSourcesBuildPhase section */

/* Begin PBXVariantGroup section */
		F5E74110266FE7EC005ED01E /* LaunchScreen.storyboard */ = {
			isa = PBXVariantGroup;
			children = (
				F5E74111266FE7EC005ED01E /* Base */,
			);
			name = LaunchScreen.storyboard;
			sourceTree = "<group>";
		};
/* End PBXVariantGroup section */

/* Begin XCBuildConfiguration section */
		F5E74114266FE7EC005ED01E /* Debug */ = {
			isa = XCBuildConfiguration;
			buildSettings = {
				ALWAYS_SEARCH_USER_PATHS = NO;
				CLANG_ANALYZER_NONNULL = YES;
				CLANG_ANALYZER_NUMBER_OBJECT_CONVERSION = YES_AGGRESSIVE;
				CLANG_CXX_LANGUAGE_STANDARD = "gnu++14";
				CLANG_CXX_LIBRARY = "libc++";
				CLANG_ENABLE_MODULES = YES;
				CLANG_ENABLE_OBJC_ARC = YES;
				CLANG_ENABLE_OBJC_WEAK = YES;
				CLANG_WARN_BLOCK_CAPTURE_AUTORELEASING = YES;
				CLANG_WARN_BOOL_CONVERSION = YES;
				CLANG_WARN_COMMA = YES;
				CLANG_WARN_CONSTANT_CONVERSION = YES;
				CLANG_WARN_DEPRECATED_OBJC_IMPLEMENTATIONS = YES;
				CLANG_WARN_DIRECT_OBJC_ISA_USAGE = YES_ERROR;
				CLANG_WARN_DOCUMENTATION_COMMENTS = YES;
				CLANG_WARN_EMPTY_BODY = YES;
				CLANG_WARN_ENUM_CONVERSION = YES;
				CLANG_WARN_INFINITE_RECURSION = YES;
				CLANG_WARN_INT_CONVERSION = YES;
				CLANG_WARN_NON_LITERAL_NULL_CONVERSION = YES;
				CLANG_WARN_OBJC_IMPLICIT_RETAIN_SELF = YES;
				CLANG_WARN_OBJC_LITERAL_CONVERSION = YES;
				CLANG_WARN_OBJC_ROOT_CLASS = YES_ERROR;
				CLANG_WARN_QUOTED_INCLUDE_IN_FRAMEWORK_HEADER = YES;
				CLANG_WARN_RANGE_LOOP_ANALYSIS = YES;
				CLANG_WARN_STRICT_PROTOTYPES = YES;
				CLANG_WARN_SUSPICIOUS_MOVE = YES;
				CLANG_WARN_UNGUARDED_AVAILABILITY = YES_AGGRESSIVE;
				CLANG_WARN_UNREACHABLE_CODE = YES;
				CLANG_WARN__DUPLICATE_METHOD_MATCH = YES;
				COPY_PHASE_STRIP = NO;
				DEBUG_INFORMATION_FORMAT = dwarf;
				ENABLE_STRICT_OBJC_MSGSEND = YES;
				ENABLE_TESTABILITY = YES;
				GCC_C_LANGUAGE_STANDARD = gnu11;
				GCC_DYNAMIC_NO_PIC = NO;
				GCC_NO_COMMON_BLOCKS = YES;
				GCC_OPTIMIZATION_LEVEL = 0;
				GCC_PREPROCESSOR_DEFINITIONS = (
					"DEBUG=1",
					"$(inherited)",
				);
				GCC_WARN_64_TO_32_BIT_CONVERSION = YES;
				GCC_WARN_ABOUT_RETURN_TYPE = YES_ERROR;
				GCC_WARN_UNDECLARED_SELECTOR = YES;
				GCC_WARN_UNINITIALIZED_AUTOS = YES_AGGRESSIVE;
				GCC_WARN_UNUSED_FUNCTION = YES;
				GCC_WARN_UNUSED_VARIABLE = YES;
				IPHONEOS_DEPLOYMENT_TARGET = 14.3;
				MTL_ENABLE_DEBUG_INFO = INCLUDE_SOURCE;
				MTL_FAST_MATH = YES;
				ONLY_ACTIVE_ARCH = YES;
				SDKROOT = iphoneos;
				SWIFT_ACTIVE_COMPILATION_CONDITIONS = DEBUG;
				SWIFT_OPTIMIZATION_LEVEL = "-Onone";
			};
			name = Debug;
		};
		F5E74115266FE7EC005ED01E /* Release */ = {
			isa = XCBuildConfiguration;
			buildSettings = {
				ALWAYS_SEARCH_USER_PATHS = NO;
				CLANG_ANALYZER_NONNULL = YES;
				CLANG_ANALYZER_NUMBER_OBJECT_CONVERSION = YES_AGGRESSIVE;
				CLANG_CXX_LANGUAGE_STANDARD = "gnu++14";
				CLANG_CXX_LIBRARY = "libc++";
				CLANG_ENABLE_MODULES = YES;
				CLANG_ENABLE_OBJC_ARC = YES;
				CLANG_ENABLE_OBJC_WEAK = YES;
				CLANG_WARN_BLOCK_CAPTURE_AUTORELEASING = YES;
				CLANG_WARN_BOOL_CONVERSION = YES;
				CLANG_WARN_COMMA = YES;
				CLANG_WARN_CONSTANT_CONVERSION = YES;
				CLANG_WARN_DEPRECATED_OBJC_IMPLEMENTATIONS = YES;
				CLANG_WARN_DIRECT_OBJC_ISA_USAGE = YES_ERROR;
				CLANG_WARN_DOCUMENTATION_COMMENTS = YES;
				CLANG_WARN_EMPTY_BODY = YES;
				CLANG_WARN_ENUM_CONVERSION = YES;
				CLANG_WARN_INFINITE_RECURSION = YES;
				CLANG_WARN_INT_CONVERSION = YES;
				CLANG_WARN_NON_LITERAL_NULL_CONVERSION = YES;
				CLANG_WARN_OBJC_IMPLICIT_RETAIN_SELF = YES;
				CLANG_WARN_OBJC_LITERAL_CONVERSION = YES;
				CLANG_WARN_OBJC_ROOT_CLASS = YES_ERROR;
				CLANG_WARN_QUOTED_INCLUDE_IN_FRAMEWORK_HEADER = YES;
				CLANG_WARN_RANGE_LOOP_ANALYSIS = YES;
				CLANG_WARN_STRICT_PROTOTYPES = YES;
				CLANG_WARN_SUSPICIOUS_MOVE = YES;
				CLANG_WARN_UNGUARDED_AVAILABILITY = YES_AGGRESSIVE;
				CLANG_WARN_UNREACHABLE_CODE = YES;
				CLANG_WARN__DUPLICATE_METHOD_MATCH = YES;
				COPY_PHASE_STRIP = NO;
				DEBUG_INFORMATION_FORMAT = "dwarf-with-dsym";
				ENABLE_NS_ASSERTIONS = NO;
				ENABLE_STRICT_OBJC_MSGSEND = YES;
				GCC_C_LANGUAGE_STANDARD = gnu11;
				GCC_NO_COMMON_BLOCKS = YES;
				GCC_WARN_64_TO_32_BIT_CONVERSION = YES;
				GCC_WARN_ABOUT_RETURN_TYPE = YES_ERROR;
				GCC_WARN_UNDECLARED_SELECTOR = YES;
				GCC_WARN_UNINITIALIZED_AUTOS = YES_AGGRESSIVE;
				GCC_WARN_UNUSED_FUNCTION = YES;
				GCC_WARN_UNUSED_VARIABLE = YES;
				IPHONEOS_DEPLOYMENT_TARGET = 14.3;
				MTL_ENABLE_DEBUG_INFO = NO;
				MTL_FAST_MATH = YES;
				SDKROOT = iphoneos;
				SWIFT_COMPILATION_MODE = wholemodule;
				SWIFT_OPTIMIZATION_LEVEL = "-O";
				VALIDATE_PRODUCT = YES;
			};
			name = Release;
		};
		F5E74117266FE7EC005ED01E /* Debug */ = {
			isa = XCBuildConfiguration;
			buildSettings = {
				ASSETCATALOG_COMPILER_APPICON_NAME = AppIcon;
				ASSETCATALOG_COMPILER_GLOBAL_ACCENT_COLOR_NAME = AccentColor;
				CODE_SIGN_STYLE = Automatic;
				INFOPLIST_FILE = StockScreener/Info.plist;
				LD_RUNPATH_SEARCH_PATHS = (
					"$(inherited)",
					"@executable_path/Frameworks",
				);
				PRODUCT_BUNDLE_IDENTIFIER = "Max-Nechaev.StockScreener";
				PRODUCT_NAME = "$(TARGET_NAME)";
				SWIFT_VERSION = 5.0;
				TARGETED_DEVICE_FAMILY = "1,2";
			};
			name = Debug;
		};
		F5E74118266FE7EC005ED01E /* Release */ = {
			isa = XCBuildConfiguration;
			buildSettings = {
				ASSETCATALOG_COMPILER_APPICON_NAME = AppIcon;
				ASSETCATALOG_COMPILER_GLOBAL_ACCENT_COLOR_NAME = AccentColor;
				CODE_SIGN_STYLE = Automatic;
				INFOPLIST_FILE = StockScreener/Info.plist;
				LD_RUNPATH_SEARCH_PATHS = (
					"$(inherited)",
					"@executable_path/Frameworks",
				);
				PRODUCT_BUNDLE_IDENTIFIER = "Max-Nechaev.StockScreener";
				PRODUCT_NAME = "$(TARGET_NAME)";
				SWIFT_VERSION = 5.0;
				TARGETED_DEVICE_FAMILY = "1,2";
			};
			name = Release;
		};
/* End XCBuildConfiguration section */

/* Begin XCConfigurationList section */
		F5E740FD266FE7EA005ED01E /* Build configuration list for PBXProject "StockScreener" */ = {
			isa = XCConfigurationList;
			buildConfigurations = (
				F5E74114266FE7EC005ED01E /* Debug */,
				F5E74115266FE7EC005ED01E /* Release */,
			);
			defaultConfigurationIsVisible = 0;
			defaultConfigurationName = Release;
		};
		F5E74116266FE7EC005ED01E /* Build configuration list for PBXNativeTarget "StockScreener" */ = {
			isa = XCConfigurationList;
			buildConfigurations = (
				F5E74117266FE7EC005ED01E /* Debug */,
				F5E74118266FE7EC005ED01E /* Release */,
			);
			defaultConfigurationIsVisible = 0;
			defaultConfigurationName = Release;
		};
/* End XCConfigurationList section */
	};
	rootObject = F5E740FA266FE7EA005ED01E /* Project object */;
}
